
Microsoft Visual Studio Solution File, Format Version 12.00
# Visual Studio Version 17
VisualStudioVersion = 17.7.34221.43
MinimumVisualStudioVersion = 10.0.40219.1
Project("{9A19103F-16F7-4668-BE54-9A1E7A4F7556}") = "ConsoleApp1", "ConsoleApp1\ConsoleApp1.csproj", "{B73047D5-BCCC-4146-A3A6-A9F057BD1DB1}"
EndProject
Project("{FAE04EC0-301F-11D3-BF4B-00C04F79EFBC}") = "ProjectA.TeamA", "ProjectA.TeamA\ProjectA.TeamA.csproj", "{CDF9AA1C-0E49-4220-9A74-61B9DD036291}"
EndProject
Project("{FAE04EC0-301F-11D3-BF4B-00C04F79EFBC}") = "ProjectA.TeamB", "ProjectA.TeamB\ProjectA.TeamB.csproj", "{D5DAF2E2-7ACA-4F6B-931E-47D4A1502502}"
EndProject
Global
	GlobalSection(SolutionConfigurationPlatforms) = preSolution
		Debug|Any CPU = Debug|Any CPU
		Release|Any CPU = Release|Any CPU
	EndGlobalSection
	GlobalSection(ProjectConfigurationPlatforms) = postSolution
		{B73047D5-BCCC-4146-A3A6-A9F057BD1DB1}.Debug|Any CPU.ActiveCfg = Debug|Any CPU
		{B73047D5-BCCC-4146-A3A6-A9F057BD1DB1}.Debug|Any CPU.Build.0 = Debug|Any CPU
		{B73047D5-BCCC-4146-A3A6-A9F057BD1DB1}.Release|Any CPU.ActiveCfg = Release|Any CPU
		{B73047D5-BCCC-4146-A3A6-A9F057BD1DB1}.Release|Any CPU.Build.0 = Release|Any CPU
		{CDF9AA1C-0E49-4220-9A74-61B9DD036291}.Debug|Any CPU.ActiveCfg = Debug|Any CPU
		{CDF9AA1C-0E49-4220-9A74-61B9DD036291}.Debug|Any CPU.Build.0 = Debug|Any CPU
		{CDF9AA1C-0E49-4220-9A74-61B9DD036291}.Release|Any CPU.ActiveCfg = Release|Any CPU
		{CDF9AA1C-0E49-4220-9A74-61B9DD036291}.Release|Any CPU.Build.0 = Release|Any CPU
		{D5DAF2E2-7ACA-4F6B-931E-47D4A1502502}.Debug|Any CPU.ActiveCfg = Debug|Any CPU
		{D5DAF2E2-7ACA-4F6B-931E-47D4A1502502}.Debug|Any CPU.Build.0 = Debug|Any CPU
		{D5DAF2E2-7ACA-4F6B-931E-47D4A1502502}.Release|Any CPU.ActiveCfg = Release|Any CPU
		{D5DAF2E2-7ACA-4F6B-931E-47D4A1502502}.Release|Any CPU.Build.0 = Release|Any CPU
	EndGlobalSection
	GlobalSection(SolutionProperties) = preSolution
		HideSolutionNode = FALSE
	EndGlobalSection
	GlobalSection(ExtensibilityGlobals) = postSolution
		SolutionGuid = {55F33DE5-0CDE-44E7-ADD9-B9C9BAEB3B0E}
	EndGlobalSection
EndGlobal
